
Microsoft Visual Studio Solution File, Format Version 12.00
# Visual Studio Version 16
VisualStudioVersion = 16.0.31129.286
MinimumVisualStudioVersion = 10.0.40219.1
Project("{9A19103F-16F7-4668-BE54-9A1E7A4F7556}") = "LearningCsharp", "LearningCsharp\LearningCsharp.csproj", "{87E092DF-5CC9-4841-AC38-B4ED089CA22D}"
EndProject
Project("{9A19103F-16F7-4668-BE54-9A1E7A4F7556}") = "LearningCsharpLibrary", "LearningLibrary_CSharp\LearningCsharpLibrary.csproj", "{FFEA7F3C-6361-4938-A9C1-A1BBE7A2666B}"
EndProject
Global
	GlobalSection(SolutionConfigurationPlatforms) = preSolution
		Debug|Any CPU = Debug|Any CPU
		Release|Any CPU = Release|Any CPU
	EndGlobalSection
	GlobalSection(ProjectConfigurationPlatforms) = postSolution
		{87E092DF-5CC9-4841-AC38-B4ED089CA22D}.Debug|Any CPU.ActiveCfg = Debug|Any CPU
		{87E092DF-5CC9-4841-AC38-B4ED089CA22D}.Debug|Any CPU.Build.0 = Debug|Any CPU
		{87E092DF-5CC9-4841-AC38-B4ED089CA22D}.Release|Any CPU.ActiveCfg = Release|Any CPU
		{87E092DF-5CC9-4841-AC38-B4ED089CA22D}.Release|Any CPU.Build.0 = Release|Any CPU
		{FFEA7F3C-6361-4938-A9C1-A1BBE7A2666B}.Debug|Any CPU.ActiveCfg = Debug|Any CPU
		{FFEA7F3C-6361-4938-A9C1-A1BBE7A2666B}.Debug|Any CPU.Build.0 = Debug|Any CPU
		{FFEA7F3C-6361-4938-A9C1-A1BBE7A2666B}.Release|Any CPU.ActiveCfg = Release|Any CPU
		{FFEA7F3C-6361-4938-A9C1-A1BBE7A2666B}.Release|Any CPU.Build.0 = Release|Any CPU
	EndGlobalSection
	GlobalSection(SolutionProperties) = preSolution
		HideSolutionNode = FALSE
	EndGlobalSection
	GlobalSection(ExtensibilityGlobals) = postSolution
		SolutionGuid = {E87A2822-CDC6-460E-8463-DEE768E79783}
	EndGlobalSection
EndGlobal
